github.com/felixge/httpsnoop v1.0.1 h1:lvB5Jl89CsZtGIWuTcDM1E/vkVs49/Ml7JJe07l8SPQ=
github.com/felixge/httpsnoop v1.0.1/go.mod h1:m8KPJKqk1gH5J9DgRY2ASl2lWCfGKXixSwevea8zH2U=
github.com/gorilla/context v1.1.1 h1:AWwleXJkX/nhcU9bZSnZoi3h/qGYqQAGhq6zZe/aQW8=
github.com/gorilla/context v1.1.1/go.mod h1:kBGZzfjB9CEq2AlWe17Uuf7NDRt0dE0s8S51q0aT7Yg=
github.com/gorilla/handlers v1.5.1 h1:9lRY6j8DEeeBT10CvO9hGW0gmky0BprnvDI5vfhUHH4=
github.com/gorilla/handlers v1.5.1/go.mod h1:t8XrUpc4KVXb7HGyJ4/cEnwQiaxrX/hz1Zv/4g96P1Q=
github.com/gorilla/mux v1.8.0 h1:i40aqfkR1h2SlN9hojwV5ZA91wcXFOvkdNIeFDP5koI=
github.com/gorilla/mux v1.8.0/go.mod h1:DVbg23sWSpFRCP0SfiEN6jmj59UnW/n46BH5rLB71So=
github.com/gorilla/securecookie v1.1.1 h1:miw7JPhV+b/lAHSXz4qd/nN9jRiAFV5FwjeKyCS8BvQ=
github.com/gorilla/securecookie v1.1.1/go.mod h1:ra0sb63/xPlUeL+yeDciTfxMRAA+MP+HVt/4epWDjd4=
github.com/gorilla/sessions v1.2.1 h1:DHd3rPN5lE3Ts3D8rKkQ8x/0kqfeNmBAaiSi+o7FsgI=
github.com/gorilla/sessions v1.2.1/go.mod h1:dk2InVEVJ0sfLlnXv9EAgkf6ecYs/i80K/zI+bUmuGM=
github.com/gorilla/websocket v1.4.2 h1:+/TMaTYc4QFitKJxsQ7Yye35DkWvkdLcvGKqM+x0Ufc=
github.com/gorilla/websocket v1.4.2/go.mod h1:YR8l580nyteQvAITg2hZ9XVh4b55+EU/adAjf1fMHhE=
github.com/hjr265/bloo v0.0.0-20141103193725-3fd271936319 h1:HrXe4dtcstVuzFz8aZ8Q3hEHYDpnzT3UH55GEDLn/2I=
github.com/hjr265/bloo v0.0.0-20141103193725-3fd271936319/go.mod h1:zh0tDUlGsq8sOSZm8jLPPmeMAU2UqlK7nEUN4vLnFOk=
github.com/hjr265/go-zrsc v0.0.0-20140522072337-790a85bb06d2 h1:/t9cUq7e+hcbP6q0of40xrSGqSkIbziuYbZ5q5WnGLQ=
github.com/hjr265/go-zrsc v0.0.0-20140522072337-790a85bb06d2/go.mod h1:iiVuSesAHibQhpOebtoPbCYyhVU/zWDflgUVgO7J4so=
github.com/hjr265/jail.go v0.0.0-20140719091347-c85192638098 h1:CskU77OGWecQWktntNSIzUdFUjZ7QRe9iN5N3oWP2gQ=
github.com/hjr265/jail.go v0.0.0-20140719091347-c85192638098/go.mod h1:2p3ssQN4/ck9ozDRUbIUFFV7TLAkedOc9TUgRZOhkSc=
github.com/mattn/go-sqlite3 v1.14.7 h1:fxWBnXkxfM6sRiuH3bqJ4CfzZojMOLVc0UTsTglEghA=
github.com/mattn/go-sqlite3 v1.14.7/go.mod h1:NyWgC/yNuGj7Q9rpYnZvas74GogHl5/Z4A/KQRfk6bU=
github.com/mxk/go-sqlite v0.0.0-20140611214908-167da9432e1f h1:QlH4jpcTbMzpK5ymxjC6k/m22jkcS7uSUeiB9tF8qKs=
github.com/mxk/go-sqlite v0.0.0-20140611214908-167da9432e1f/go.mod h1:pkc41e3zYdLbnNZr/Zr5u/Ozr7D0p8EorhQiE+DmM4Y=
github.com/pelletier/go-toml v1.9.1 h1:a6qW1EVNZWH9WGI6CsYdD8WAylkoXBS5yv0XHlh17Tc=
github.com/pelletier/go-toml v1.9.1/go.mod h1:u1nR/EPcESfeI/szUZKdtJ0xRNbUoANCkoOuaOx1Y+c=
labix.org/v2/mgo v0.0.0-20140701140051-000000000287 h1:L0cnkNl4TfAXzvdrqsYEmxOHOCv2p5I3taaReO8BWFs=
labix.org/v2/mgo v0.0.0-20140701140051-000000000287/go.mod h1:Lg7AYkt1uXJoR9oeSZ3W/8IXLdvOfIITgZnommstyz4=
